{
  "name": "catchat",
  "lockfileVersion": 2,
  "requires": true,
  "packages": {
    "": {
      "dependencies": {
        "emoji-picker-element": "^1.13.1"
      }
    },
    "node_modules/emoji-picker-element": {
      "version": "1.13.1",
      "resolved": "https://registry.npmjs.org/emoji-picker-element/-/emoji-picker-element-1.13.1.tgz",
      "integrity": "sha512-xOUYg6piwCmnYJw5Uh47rV5F2CwcFZcbfZx5jzU43gELJDbg8hrv6CBsikVe5VJSyiUH+N2QeQHc2f0h+V74PA=="
    }
  },
  "dependencies": {
    "emoji-picker-element": {
      "version": "1.13.1",
      "resolved": "https://registry.npmjs.org/emoji-picker-element/-/emoji-picker-element-1.13.1.tgz",
      "integrity": "sha512-xOUYg6piwCmnYJw5Uh47rV5F2CwcFZcbfZx5jzU43gELJDbg8hrv6CBsikVe5VJSyiUH+N2QeQHc2f0h+V74PA=="
    }
  }
}
